
Microsoft Visual Studio Solution File, Format Version 12.00
# Visual Studio 15
VisualStudioVersion = 15.0.28010.2036
MinimumVisualStudioVersion = 10.0.40219.1
Project("{FAE04EC0-301F-11D3-BF4B-00C04F79EFBC}") = "Develop Open Source application", "Develop Open Source application\Develop Open Source application.csproj", "{6CC17D0F-EF6C-43CC-A32F-81024CE1D9AD}"
EndProject
Project("{FAE04EC0-301F-11D3-BF4B-00C04F79EFBC}") = "Develop Open Source applicationTests", "Develop Open Source applicationTests\Develop Open Source applicationTests.csproj", "{9242B27D-24DB-4820-8B0D-F2A441DB81DF}"
EndProject
Global
	GlobalSection(SolutionConfigurationPlatforms) = preSolution
		Debug|Any CPU = Debug|Any CPU
		Release|Any CPU = Release|Any CPU
	EndGlobalSection
	GlobalSection(ProjectConfigurationPlatforms) = postSolution
		{6CC17D0F-EF6C-43CC-A32F-81024CE1D9AD}.Debug|Any CPU.ActiveCfg = Debug|Any CPU
		{6CC17D0F-EF6C-43CC-A32F-81024CE1D9AD}.Debug|Any CPU.Build.0 = Debug|Any CPU
		{6CC17D0F-EF6C-43CC-A32F-81024CE1D9AD}.Release|Any CPU.ActiveCfg = Release|Any CPU
		{6CC17D0F-EF6C-43CC-A32F-81024CE1D9AD}.Release|Any CPU.Build.0 = Release|Any CPU
		{9242B27D-24DB-4820-8B0D-F2A441DB81DF}.Debug|Any CPU.ActiveCfg = Debug|Any CPU
		{9242B27D-24DB-4820-8B0D-F2A441DB81DF}.Debug|Any CPU.Build.0 = Debug|Any CPU
		{9242B27D-24DB-4820-8B0D-F2A441DB81DF}.Release|Any CPU.ActiveCfg = Release|Any CPU
		{9242B27D-24DB-4820-8B0D-F2A441DB81DF}.Release|Any CPU.Build.0 = Release|Any CPU
	EndGlobalSection
	GlobalSection(SolutionProperties) = preSolution
		HideSolutionNode = FALSE
	EndGlobalSection
	GlobalSection(ExtensibilityGlobals) = postSolution
		SolutionGuid = {63A0E5BF-7751-4FB0-9842-EE434673FC80}
	EndGlobalSection
EndGlobal
